Microsoft Visual Studio Solution File, Format Version 12.00
# Visual Studio Version 17
VisualStudioVersion = 17.5.2.0
MinimumVisualStudioVersion = 10.0.40219.1
Project("{FAE04EC0-301F-11D3-BF4B-00C04F79EFBC}") = "OracleHMS", "OracleHMS.csproj", "{48D3C11D-97EE-4519-EECD-D72F7EB91BE5}"
EndProject
Global
	GlobalSection(SolutionConfigurationPlatforms) = preSolution
		Debug|Any CPU = Debug|Any CPU
		Release|Any CPU = Release|Any CPU
	EndGlobalSection
	GlobalSection(ProjectConfigurationPlatforms) = postSolution
		{48D3C11D-97EE-4519-EECD-D72F7EB91BE5}.Debug|Any CPU.ActiveCfg = Debug|Any CPU
		{48D3C11D-97EE-4519-EECD-D72F7EB91BE5}.Debug|Any CPU.Build.0 = Debug|Any CPU
		{48D3C11D-97EE-4519-EECD-D72F7EB91BE5}.Release|Any CPU.ActiveCfg = Release|Any CPU
		{48D3C11D-97EE-4519-EECD-D72F7EB91BE5}.Release|Any CPU.Build.0 = Release|Any CPU
	EndGlobalSection
	GlobalSection(SolutionProperties) = preSolution
		HideSolutionNode = FALSE
	EndGlobalSection
	GlobalSection(ExtensibilityGlobals) = postSolution
		SolutionGuid = {0B700516-7BF0-437A-962F-6EDA64E3EACC}
	EndGlobalSection
EndGlobal
